
Microsoft Visual Studio Solution File, Format Version 12.00
# Visual Studio Version 17
VisualStudioVersion = 17.8.34408.163
MinimumVisualStudioVersion = 10.0.40219.1
Project("{9A19103F-16F7-4668-BE54-9A1E7A4F7556}") = "1071.GreatestCommonDivisorOfStrings", "1071.GreatestCommonDivisorOfStrings\1071.GreatestCommonDivisorOfStrings.csproj", "{4BF6F41A-6047-4C48-8A92-ADA9C2AD1A2F}"
EndProject
Project("{9A19103F-16F7-4668-BE54-9A1E7A4F7556}") = "1431. Kids With the Greatest Number of Candies", "1431. Kids With the Greatest Number of Candies\1431. Kids With the Greatest Number of Candies\1431. Kids With the Greatest Number of Candies.csproj", "{5556D474-CD6A-470B-8394-161CC1B7F360}"
EndProject
Project("{9A19103F-16F7-4668-BE54-9A1E7A4F7556}") = "Find-First-Palindromic-String-in-the-Array", "2108. Find First Palindromic String in the Array\Find-First-Palindromic-String-in-the-Array\Find-First-Palindromic-String-in-the-Array\Find-First-Palindromic-String-in-the-Array.csproj", "{98A7BB54-A4B5-4B97-921F-DB942FD8CA39}"
EndProject
Project("{9A19103F-16F7-4668-BE54-9A1E7A4F7556}") = "2149. Rearrange Array Elements by Sign", "2149. Rearrange Array Elements by Sign\2149. Rearrange Array Elements by Sign.csproj", "{3B0B9227-D516-4A56-88E5-3FA5A4965F09}"
EndProject
Project("{9A19103F-16F7-4668-BE54-9A1E7A4F7556}") = "Common", "Common\Common.csproj", "{4AEC3B7A-312F-45A0-8DF5-74CAD1D6C100}"
EndProject
Project("{9A19103F-16F7-4668-BE54-9A1E7A4F7556}") = "605. Can Place Flowers", "605. Can Place Flowers\605. Can Place Flowers.csproj", "{886BFDB4-C76E-443C-9DF0-97328BC16329}"
EndProject
Project("{9A19103F-16F7-4668-BE54-9A1E7A4F7556}") = "345. Reverse Vowels of a String", "345. Reverse Vowels of a String\345. Reverse Vowels of a String.csproj", "{8E625AC8-832B-4874-BDEC-E3E70467B9AC}"
EndProject
Project("{9A19103F-16F7-4668-BE54-9A1E7A4F7556}") = "151. Reverse Words in a String", "151. Reverse Words in a String\151. Reverse Words in a String.csproj", "{34C1AD70-5010-4406-AEDC-9CD08D9A68E8}"
EndProject
Project("{9A19103F-16F7-4668-BE54-9A1E7A4F7556}") = "238. Product of Array Except Self", "238. Product of Array Except Self\238. Product of Array Except Self.csproj", "{4CDC519E-7ECE-4FFD-9A0A-21CD503E5DBE}"
EndProject
Project("{9A19103F-16F7-4668-BE54-9A1E7A4F7556}") = "2971. Find Polygon With the Largest Perimeter", "2971. Find Polygon With the Largest Perimeter\2971. Find Polygon With the Largest Perimeter.csproj", "{F34F170F-DC3C-4703-AD9B-14C381FAFA13}"
EndProject
Project("{9A19103F-16F7-4668-BE54-9A1E7A4F7556}") = "1481. Least Number of Unique Integers after K Removals", "1481. Least Number of Unique Integers after K Removals\1481. Least Number of Unique Integers after K Removals.csproj", "{7855B3B8-68A6-4A33-9C30-9DF668842487}"
EndProject
Project("{9A19103F-16F7-4668-BE54-9A1E7A4F7556}") = "2966. Divide Array Into Arrays With Max Difference", "2966. Divide Array Into Arrays With Max Difference\2966. Divide Array Into Arrays With Max Difference.csproj", "{202BACE0-6807-41D5-B691-D023C278957F}"
EndProject
Project("{9A19103F-16F7-4668-BE54-9A1E7A4F7556}") = "1642. Furthest Building You Can Reach", "1642. Furthest Building You Can Reach\1642. Furthest Building You Can Reach.csproj", "{DE47CFB1-1551-4C88-99DC-759C83D05481}"
EndProject
Project("{9A19103F-16F7-4668-BE54-9A1E7A4F7556}") = "268. Missing Number", "268. Missing Number\268. Missing Number.csproj", "{F0C5AA4E-96E8-4064-B3C1-787F260E665C}"
EndProject
Project("{9A19103F-16F7-4668-BE54-9A1E7A4F7556}") = "231. Power of Two", "231. Power of Two\231. Power of Two.csproj", "{EB7C37D7-D7EB-4626-8307-A805105D170E}"
EndProject
Project("{9A19103F-16F7-4668-BE54-9A1E7A4F7556}") = "2402. Meeting Rooms III", "2402. Meeting Rooms III\2402. Meeting Rooms III.csproj", "{5CD62777-932C-4FC8-9722-928FC070F7A6}"
EndProject
Project("{9A19103F-16F7-4668-BE54-9A1E7A4F7556}") = "201. Bitwise AND of Numbers Range", "201. Bitwise AND of Numbers Range\201. Bitwise AND of Numbers Range.csproj", "{8CB52814-7941-42AB-B627-24CC8FE3EDB8}"
EndProject
Project("{9A19103F-16F7-4668-BE54-9A1E7A4F7556}") = "997. Find the Town Judge", "997. Find the Town Judge\997. Find the Town Judge.csproj", "{26B23EAD-8DAC-4E9A-A560-BB37D09DFA2A}"
EndProject
Project("{9A19103F-16F7-4668-BE54-9A1E7A4F7556}") = "787. Cheapest Flights Within K Stops", "787. Cheapest Flights Within K Stops\787. Cheapest Flights Within K Stops.csproj", "{6C157D55-4C7D-4A71-9E79-36B7611C6C00}"
EndProject
Project("{9A19103F-16F7-4668-BE54-9A1E7A4F7556}") = "513. Find Bottom Left Tree Value", "513. Find Bottom Left Tree Value\513. Find Bottom Left Tree Value.csproj", "{3F1B4AA3-16A6-4CEE-8B62-3C149148D295}"
EndProject
Project("{9A19103F-16F7-4668-BE54-9A1E7A4F7556}") = "1.EmploymentHero", "1.EmploymentHero\1.EmploymentHero.csproj", "{F7E20A39-E77A-4C0F-B70C-D36DFD9BB701}"
EndProject
Project("{9A19103F-16F7-4668-BE54-9A1E7A4F7556}") = "Invoice", "Invoice\Invoice.csproj", "{DC15214E-C910-41BE-B0D0-01041BA1E3FD}"
EndProject
Project("{9A19103F-16F7-4668-BE54-9A1E7A4F7556}") = "2864. Maximum Odd Binary Number", "2864. Maximum Odd Binary Number\2864. Maximum Odd Binary Number.csproj", "{81C3C73A-B03D-4238-8A0B-1F5E34A906E5}"
EndProject
Project("{9A19103F-16F7-4668-BE54-9A1E7A4F7556}") = "977. Squares of a Sorted Array", "977. Squares of a Sorted Array\977. Squares of a Sorted Array.csproj", "{DF585202-4F3D-46C5-896F-765A09AD5AB2}"
EndProject
Project("{9A19103F-16F7-4668-BE54-9A1E7A4F7556}") = "1. Two Sum", "1. Two Sum\1. Two Sum.csproj", "{57A702B3-7972-4AB0-9431-1B1039A0DCAE}"
EndProject
Project("{9A19103F-16F7-4668-BE54-9A1E7A4F7556}") = "19. Remove Nth Node From End of List", "19. Remove Nth Node From End of List\19. Remove Nth Node From End of List.csproj", "{7443B664-AAAB-413C-8119-9201A22B07CB}"
EndProject
Project("{9A19103F-16F7-4668-BE54-9A1E7A4F7556}") = "948. Bag of Tokens", "948. Bag of Tokens\948. Bag of Tokens.csproj", "{44D5A6A8-A0C0-42C1-8618-E057AA6657EA}"
EndProject
Project("{9A19103F-16F7-4668-BE54-9A1E7A4F7556}") = "1750. Minimum Length of String After Deleting Similar Ends", "1750. Minimum Length of String After Deleting Similar Ends\1750. Minimum Length of String After Deleting Similar Ends.csproj", "{034896BB-11F5-4176-BD83-A5379977E172}"
EndProject
Project("{9A19103F-16F7-4668-BE54-9A1E7A4F7556}") = "876. Middle of the Linked List", "876. Middle of the Linked List\876. Middle of the Linked List.csproj", "{960D8C07-E779-49E5-BC6C-D37F1EC633D4}"
EndProject
Project("{9A19103F-16F7-4668-BE54-9A1E7A4F7556}") = "3005. Count Elements With Maximum Frequency", "3005. Count Elements With Maximum Frequency\3005. Count Elements With Maximum Frequency.csproj", "{97989635-6889-4E3C-A20C-9B6D55C3F700}"
EndProject
Project("{9A19103F-16F7-4668-BE54-9A1E7A4F7556}") = "334. Increasing Triplet Subsequence", "334. Increasing Triplet Subsequence\334. Increasing Triplet Subsequence.csproj", "{8CABDCEB-D3E5-4CDD-9960-09134D9BCD42}"
EndProject
Project("{9A19103F-16F7-4668-BE54-9A1E7A4F7556}") = "2540. Minimum Common Value", "2540. Minimum Common Value\2540. Minimum Common Value.csproj", "{F5B7E280-E68C-4139-ABEC-171BD2656B11}"
EndProject
Project("{9A19103F-16F7-4668-BE54-9A1E7A4F7556}") = "349. Intersection of Two Arrays", "349. Intersection of Two Arrays\349. Intersection of Two Arrays.csproj", "{A120404F-C191-4E1A-84EC-DC73C96C80C3}"
EndProject
Project("{9A19103F-16F7-4668-BE54-9A1E7A4F7556}") = "791. Custom Sort String", "791. Custom Sort String\791. Custom Sort String.csproj", "{A1C9FC65-2B8F-4AB4-A59E-1737CF23F9DE}"
EndProject
Project("{9A19103F-16F7-4668-BE54-9A1E7A4F7556}") = "1171. Remove Zero Sum Consecutive Nodes from Linked List", "1171. Remove Zero Sum Consecutive Nodes from Linked List\1171. Remove Zero Sum Consecutive Nodes from Linked List.csproj", "{AA423581-78D8-4A99-A631-C650AF0C50F0}"
EndProject
Project("{9A19103F-16F7-4668-BE54-9A1E7A4F7556}") = "2485. Find the Pivot Integer", "2485. Find the Pivot Integer\2485. Find the Pivot Integer.csproj", "{B2DEEF5F-4D0D-438E-A8D8-C7A51FE41A2A}"
EndProject
Project("{9A19103F-16F7-4668-BE54-9A1E7A4F7556}") = "525. Contiguous Array", "525. Contiguous Array\525. Contiguous Array.csproj", "{D37A3B80-5683-4475-B202-C6364D948C1A}"
EndProject
Project("{9A19103F-16F7-4668-BE54-9A1E7A4F7556}") = "57. Insert Interval", "57. Insert Interval\57. Insert Interval.csproj", "{00A4E1AB-BE10-468B-8455-DC0052FC403B}"
EndProject
Project("{9A19103F-16F7-4668-BE54-9A1E7A4F7556}") = "452. Minimum Number of Arrows to Burst Balloons", "452. Minimum Number of Arrows to Burst Balloons\452. Minimum Number of Arrows to Burst Balloons.csproj", "{922CE318-1474-427A-A939-5A142AF7BEB0}"
EndProject
Project("{9A19103F-16F7-4668-BE54-9A1E7A4F7556}") = "228. Summary Ranges", "228. Summary Ranges\228. Summary Ranges.csproj", "{AF874A03-FAF7-41CA-B089-DDF870416E0F}"
EndProject
Project("{9A19103F-16F7-4668-BE54-9A1E7A4F7556}") = "621. Task Scheduler", "621. Task Scheduler\621. Task Scheduler.csproj", "{57623D19-AFA5-4712-ADB5-6569FD0EE377}"
EndProject
Project("{9A19103F-16F7-4668-BE54-9A1E7A4F7556}") = "1669. Merge In Between Linked Lists", "1669. Merge In Between Linked Lists\1669. Merge In Between Linked Lists.csproj", "{BA1F63CD-E1A6-4187-98AD-CF5DDD77454D}"
EndProject
Project("{9A19103F-16F7-4668-BE54-9A1E7A4F7556}") = "234. Palindrome Linked List", "234. Palindrome Linked List\234. Palindrome Linked List.csproj", "{021F7CFE-C708-4C9C-9A6C-20F823354F79}"
EndProject
Project("{9A19103F-16F7-4668-BE54-9A1E7A4F7556}") = "143. Reorder List", "143. Reorder List\143. Reorder List.csproj", "{1FC233A7-502E-478C-8AA9-BE7B6D0E97DD}"
EndProject
Project("{9A19103F-16F7-4668-BE54-9A1E7A4F7556}") = "287. Find the Duplicate Number", "287. Find the Duplicate Number\287. Find the Duplicate Number.csproj", "{30373DE5-1AE2-454A-974B-38EC8DC32CE9}"
EndProject
Project("{9A19103F-16F7-4668-BE54-9A1E7A4F7556}") = "442. Find All Duplicates in an Array", "442. Find All Duplicates in an Array\442. Find All Duplicates in an Array.csproj", "{EB9399F4-07C1-4E96-AE4B-7C0A229149C6}"
EndProject
Project("{9A19103F-16F7-4668-BE54-9A1E7A4F7556}") = "41. First Missing Positive", "41. First Missing Positive\41. First Missing Positive.csproj", "{C0C49415-326F-42A2-A8C6-0A714B9F65A0}"
EndProject
Project("{9A19103F-16F7-4668-BE54-9A1E7A4F7556}") = "713. Subarray Product Less Than K", "713. Subarray Product Less Than K\713. Subarray Product Less Than K.csproj", "{EF244EF7-DDE2-49F3-9513-1A69B47D54A5}"
EndProject
Project("{FAE04EC0-301F-11D3-BF4B-00C04F79EFBC}") = "2958. Length of Longest Subarray With at Most K Frequency", "2958. Length of Longest Subarray With at Most K Frequency\2958. Length of Longest Subarray With at Most K Frequency.csproj", "{95DB7254-7A7B-46CD-A1FC-959B6EA27548}"
EndProject
Global
	GlobalSection(SolutionConfigurationPlatforms) = preSolution
		Debug|Any CPU = Debug|Any CPU
		Release|Any CPU = Release|Any CPU
	EndGlobalSection
	GlobalSection(ProjectConfigurationPlatforms) = postSolution
		{4BF6F41A-6047-4C48-8A92-ADA9C2AD1A2F}.Debug|Any CPU.ActiveCfg = Debug|Any CPU
		{4BF6F41A-6047-4C48-8A92-ADA9C2AD1A2F}.Debug|Any CPU.Build.0 = Debug|Any CPU
		{4BF6F41A-6047-4C48-8A92-ADA9C2AD1A2F}.Release|Any CPU.ActiveCfg = Release|Any CPU
		{4BF6F41A-6047-4C48-8A92-ADA9C2AD1A2F}.Release|Any CPU.Build.0 = Release|Any CPU
		{5556D474-CD6A-470B-8394-161CC1B7F360}.Debug|Any CPU.ActiveCfg = Debug|Any CPU
		{5556D474-CD6A-470B-8394-161CC1B7F360}.Debug|Any CPU.Build.0 = Debug|Any CPU
		{5556D474-CD6A-470B-8394-161CC1B7F360}.Release|Any CPU.ActiveCfg = Release|Any CPU
		{5556D474-CD6A-470B-8394-161CC1B7F360}.Release|Any CPU.Build.0 = Release|Any CPU
		{98A7BB54-A4B5-4B97-921F-DB942FD8CA39}.Debug|Any CPU.ActiveCfg = Debug|Any CPU
		{98A7BB54-A4B5-4B97-921F-DB942FD8CA39}.Debug|Any CPU.Build.0 = Debug|Any CPU
		{98A7BB54-A4B5-4B97-921F-DB942FD8CA39}.Release|Any CPU.ActiveCfg = Release|Any CPU
		{98A7BB54-A4B5-4B97-921F-DB942FD8CA39}.Release|Any CPU.Build.0 = Release|Any CPU
		{3B0B9227-D516-4A56-88E5-3FA5A4965F09}.Debug|Any CPU.ActiveCfg = Debug|Any CPU
		{3B0B9227-D516-4A56-88E5-3FA5A4965F09}.Debug|Any CPU.Build.0 = Debug|Any CPU
		{3B0B9227-D516-4A56-88E5-3FA5A4965F09}.Release|Any CPU.ActiveCfg = Release|Any CPU
		{3B0B9227-D516-4A56-88E5-3FA5A4965F09}.Release|Any CPU.Build.0 = Release|Any CPU
		{4AEC3B7A-312F-45A0-8DF5-74CAD1D6C100}.Debug|Any CPU.ActiveCfg = Debug|Any CPU
		{4AEC3B7A-312F-45A0-8DF5-74CAD1D6C100}.Debug|Any CPU.Build.0 = Debug|Any CPU
		{4AEC3B7A-312F-45A0-8DF5-74CAD1D6C100}.Release|Any CPU.ActiveCfg = Release|Any CPU
		{4AEC3B7A-312F-45A0-8DF5-74CAD1D6C100}.Release|Any CPU.Build.0 = Release|Any CPU
		{886BFDB4-C76E-443C-9DF0-97328BC16329}.Debug|Any CPU.ActiveCfg = Debug|Any CPU
		{886BFDB4-C76E-443C-9DF0-97328BC16329}.Debug|Any CPU.Build.0 = Debug|Any CPU
		{886BFDB4-C76E-443C-9DF0-97328BC16329}.Release|Any CPU.ActiveCfg = Release|Any CPU
		{886BFDB4-C76E-443C-9DF0-97328BC16329}.Release|Any CPU.Build.0 = Release|Any CPU
		{8E625AC8-832B-4874-BDEC-E3E70467B9AC}.Debug|Any CPU.ActiveCfg = Debug|Any CPU
		{8E625AC8-832B-4874-BDEC-E3E70467B9AC}.Debug|Any CPU.Build.0 = Debug|Any CPU
		{8E625AC8-832B-4874-BDEC-E3E70467B9AC}.Release|Any CPU.ActiveCfg = Release|Any CPU
		{8E625AC8-832B-4874-BDEC-E3E70467B9AC}.Release|Any CPU.Build.0 = Release|Any CPU
		{34C1AD70-5010-4406-AEDC-9CD08D9A68E8}.Debug|Any CPU.ActiveCfg = Debug|Any CPU
		{34C1AD70-5010-4406-AEDC-9CD08D9A68E8}.Debug|Any CPU.Build.0 = Debug|Any CPU
		{34C1AD70-5010-4406-AEDC-9CD08D9A68E8}.Release|Any CPU.ActiveCfg = Release|Any CPU
		{34C1AD70-5010-4406-AEDC-9CD08D9A68E8}.Release|Any CPU.Build.0 = Release|Any CPU
		{4CDC519E-7ECE-4FFD-9A0A-21CD503E5DBE}.Debug|Any CPU.ActiveCfg = Debug|Any CPU
		{4CDC519E-7ECE-4FFD-9A0A-21CD503E5DBE}.Debug|Any CPU.Build.0 = Debug|Any CPU
		{4CDC519E-7ECE-4FFD-9A0A-21CD503E5DBE}.Release|Any CPU.ActiveCfg = Release|Any CPU
		{4CDC519E-7ECE-4FFD-9A0A-21CD503E5DBE}.Release|Any CPU.Build.0 = Release|Any CPU
		{F34F170F-DC3C-4703-AD9B-14C381FAFA13}.Debug|Any CPU.ActiveCfg = Debug|Any CPU
		{F34F170F-DC3C-4703-AD9B-14C381FAFA13}.Debug|Any CPU.Build.0 = Debug|Any CPU
		{F34F170F-DC3C-4703-AD9B-14C381FAFA13}.Release|Any CPU.ActiveCfg = Release|Any CPU
		{F34F170F-DC3C-4703-AD9B-14C381FAFA13}.Release|Any CPU.Build.0 = Release|Any CPU
		{7855B3B8-68A6-4A33-9C30-9DF668842487}.Debug|Any CPU.ActiveCfg = Debug|Any CPU
		{7855B3B8-68A6-4A33-9C30-9DF668842487}.Debug|Any CPU.Build.0 = Debug|Any CPU
		{7855B3B8-68A6-4A33-9C30-9DF668842487}.Release|Any CPU.ActiveCfg = Release|Any CPU
		{7855B3B8-68A6-4A33-9C30-9DF668842487}.Release|Any CPU.Build.0 = Release|Any CPU
		{202BACE0-6807-41D5-B691-D023C278957F}.Debug|Any CPU.ActiveCfg = Debug|Any CPU
		{202BACE0-6807-41D5-B691-D023C278957F}.Debug|Any CPU.Build.0 = Debug|Any CPU
		{202BACE0-6807-41D5-B691-D023C278957F}.Release|Any CPU.ActiveCfg = Release|Any CPU
		{202BACE0-6807-41D5-B691-D023C278957F}.Release|Any CPU.Build.0 = Release|Any CPU
		{DE47CFB1-1551-4C88-99DC-759C83D05481}.Debug|Any CPU.ActiveCfg = Debug|Any CPU
		{DE47CFB1-1551-4C88-99DC-759C83D05481}.Debug|Any CPU.Build.0 = Debug|Any CPU
		{DE47CFB1-1551-4C88-99DC-759C83D05481}.Release|Any CPU.ActiveCfg = Release|Any CPU
		{DE47CFB1-1551-4C88-99DC-759C83D05481}.Release|Any CPU.Build.0 = Release|Any CPU
		{F0C5AA4E-96E8-4064-B3C1-787F260E665C}.Debug|Any CPU.ActiveCfg = Debug|Any CPU
		{F0C5AA4E-96E8-4064-B3C1-787F260E665C}.Debug|Any CPU.Build.0 = Debug|Any CPU
		{F0C5AA4E-96E8-4064-B3C1-787F260E665C}.Release|Any CPU.ActiveCfg = Release|Any CPU
		{F0C5AA4E-96E8-4064-B3C1-787F260E665C}.Release|Any CPU.Build.0 = Release|Any CPU
		{EB7C37D7-D7EB-4626-8307-A805105D170E}.Debug|Any CPU.ActiveCfg = Debug|Any CPU
		{EB7C37D7-D7EB-4626-8307-A805105D170E}.Debug|Any CPU.Build.0 = Debug|Any CPU
		{EB7C37D7-D7EB-4626-8307-A805105D170E}.Release|Any CPU.ActiveCfg = Release|Any CPU
		{EB7C37D7-D7EB-4626-8307-A805105D170E}.Release|Any CPU.Build.0 = Release|Any CPU
		{5CD62777-932C-4FC8-9722-928FC070F7A6}.Debug|Any CPU.ActiveCfg = Debug|Any CPU
		{5CD62777-932C-4FC8-9722-928FC070F7A6}.Debug|Any CPU.Build.0 = Debug|Any CPU
		{5CD62777-932C-4FC8-9722-928FC070F7A6}.Release|Any CPU.ActiveCfg = Release|Any CPU
		{5CD62777-932C-4FC8-9722-928FC070F7A6}.Release|Any CPU.Build.0 = Release|Any CPU
		{8CB52814-7941-42AB-B627-24CC8FE3EDB8}.Debug|Any CPU.ActiveCfg = Debug|Any CPU
		{8CB52814-7941-42AB-B627-24CC8FE3EDB8}.Debug|Any CPU.Build.0 = Debug|Any CPU
		{8CB52814-7941-42AB-B627-24CC8FE3EDB8}.Release|Any CPU.ActiveCfg = Release|Any CPU
		{8CB52814-7941-42AB-B627-24CC8FE3EDB8}.Release|Any CPU.Build.0 = Release|Any CPU
		{26B23EAD-8DAC-4E9A-A560-BB37D09DFA2A}.Debug|Any CPU.ActiveCfg = Debug|Any CPU
		{26B23EAD-8DAC-4E9A-A560-BB37D09DFA2A}.Debug|Any CPU.Build.0 = Debug|Any CPU
		{26B23EAD-8DAC-4E9A-A560-BB37D09DFA2A}.Release|Any CPU.ActiveCfg = Release|Any CPU
		{26B23EAD-8DAC-4E9A-A560-BB37D09DFA2A}.Release|Any CPU.Build.0 = Release|Any CPU
		{6C157D55-4C7D-4A71-9E79-36B7611C6C00}.Debug|Any CPU.ActiveCfg = Debug|Any CPU
		{6C157D55-4C7D-4A71-9E79-36B7611C6C00}.Debug|Any CPU.Build.0 = Debug|Any CPU
		{6C157D55-4C7D-4A71-9E79-36B7611C6C00}.Release|Any CPU.ActiveCfg = Release|Any CPU
		{6C157D55-4C7D-4A71-9E79-36B7611C6C00}.Release|Any CPU.Build.0 = Release|Any CPU
		{3F1B4AA3-16A6-4CEE-8B62-3C149148D295}.Debug|Any CPU.ActiveCfg = Debug|Any CPU
		{3F1B4AA3-16A6-4CEE-8B62-3C149148D295}.Debug|Any CPU.Build.0 = Debug|Any CPU
		{3F1B4AA3-16A6-4CEE-8B62-3C149148D295}.Release|Any CPU.ActiveCfg = Release|Any CPU
		{3F1B4AA3-16A6-4CEE-8B62-3C149148D295}.Release|Any CPU.Build.0 = Release|Any CPU
		{F7E20A39-E77A-4C0F-B70C-D36DFD9BB701}.Debug|Any CPU.ActiveCfg = Debug|Any CPU
		{F7E20A39-E77A-4C0F-B70C-D36DFD9BB701}.Debug|Any CPU.Build.0 = Debug|Any CPU
		{F7E20A39-E77A-4C0F-B70C-D36DFD9BB701}.Release|Any CPU.ActiveCfg = Release|Any CPU
		{F7E20A39-E77A-4C0F-B70C-D36DFD9BB701}.Release|Any CPU.Build.0 = Release|Any CPU
		{DC15214E-C910-41BE-B0D0-01041BA1E3FD}.Debug|Any CPU.ActiveCfg = Debug|Any CPU
		{DC15214E-C910-41BE-B0D0-01041BA1E3FD}.Debug|Any CPU.Build.0 = Debug|Any CPU
		{DC15214E-C910-41BE-B0D0-01041BA1E3FD}.Release|Any CPU.ActiveCfg = Release|Any CPU
		{DC15214E-C910-41BE-B0D0-01041BA1E3FD}.Release|Any CPU.Build.0 = Release|Any CPU
		{81C3C73A-B03D-4238-8A0B-1F5E34A906E5}.Debug|Any CPU.ActiveCfg = Debug|Any CPU
		{81C3C73A-B03D-4238-8A0B-1F5E34A906E5}.Debug|Any CPU.Build.0 = Debug|Any CPU
		{81C3C73A-B03D-4238-8A0B-1F5E34A906E5}.Release|Any CPU.ActiveCfg = Release|Any CPU
		{81C3C73A-B03D-4238-8A0B-1F5E34A906E5}.Release|Any CPU.Build.0 = Release|Any CPU
		{DF585202-4F3D-46C5-896F-765A09AD5AB2}.Debug|Any CPU.ActiveCfg = Debug|Any CPU
		{DF585202-4F3D-46C5-896F-765A09AD5AB2}.Debug|Any CPU.Build.0 = Debug|Any CPU
		{DF585202-4F3D-46C5-896F-765A09AD5AB2}.Release|Any CPU.ActiveCfg = Release|Any CPU
		{DF585202-4F3D-46C5-896F-765A09AD5AB2}.Release|Any CPU.Build.0 = Release|Any CPU
		{57A702B3-7972-4AB0-9431-1B1039A0DCAE}.Debug|Any CPU.ActiveCfg = Debug|Any CPU
		{57A702B3-7972-4AB0-9431-1B1039A0DCAE}.Debug|Any CPU.Build.0 = Debug|Any CPU
		{57A702B3-7972-4AB0-9431-1B1039A0DCAE}.Release|Any CPU.ActiveCfg = Release|Any CPU
		{57A702B3-7972-4AB0-9431-1B1039A0DCAE}.Release|Any CPU.Build.0 = Release|Any CPU
		{7443B664-AAAB-413C-8119-9201A22B07CB}.Debug|Any CPU.ActiveCfg = Debug|Any CPU
		{7443B664-AAAB-413C-8119-9201A22B07CB}.Debug|Any CPU.Build.0 = Debug|Any CPU
		{7443B664-AAAB-413C-8119-9201A22B07CB}.Release|Any CPU.ActiveCfg = Release|Any CPU
		{7443B664-AAAB-413C-8119-9201A22B07CB}.Release|Any CPU.Build.0 = Release|Any CPU
		{44D5A6A8-A0C0-42C1-8618-E057AA6657EA}.Debug|Any CPU.ActiveCfg = Debug|Any CPU
		{44D5A6A8-A0C0-42C1-8618-E057AA6657EA}.Debug|Any CPU.Build.0 = Debug|Any CPU
		{44D5A6A8-A0C0-42C1-8618-E057AA6657EA}.Release|Any CPU.ActiveCfg = Release|Any CPU
		{44D5A6A8-A0C0-42C1-8618-E057AA6657EA}.Release|Any CPU.Build.0 = Release|Any CPU
		{034896BB-11F5-4176-BD83-A5379977E172}.Debug|Any CPU.ActiveCfg = Debug|Any CPU
		{034896BB-11F5-4176-BD83-A5379977E172}.Debug|Any CPU.Build.0 = Debug|Any CPU
		{034896BB-11F5-4176-BD83-A5379977E172}.Release|Any CPU.ActiveCfg = Release|Any CPU
		{034896BB-11F5-4176-BD83-A5379977E172}.Release|Any CPU.Build.0 = Release|Any CPU
		{960D8C07-E779-49E5-BC6C-D37F1EC633D4}.Debug|Any CPU.ActiveCfg = Debug|Any CPU
		{960D8C07-E779-49E5-BC6C-D37F1EC633D4}.Debug|Any CPU.Build.0 = Debug|Any CPU
		{960D8C07-E779-49E5-BC6C-D37F1EC633D4}.Release|Any CPU.ActiveCfg = Release|Any CPU
		{960D8C07-E779-49E5-BC6C-D37F1EC633D4}.Release|Any CPU.Build.0 = Release|Any CPU
		{97989635-6889-4E3C-A20C-9B6D55C3F700}.Debug|Any CPU.ActiveCfg = Debug|Any CPU
		{97989635-6889-4E3C-A20C-9B6D55C3F700}.Debug|Any CPU.Build.0 = Debug|Any CPU
		{97989635-6889-4E3C-A20C-9B6D55C3F700}.Release|Any CPU.ActiveCfg = Release|Any CPU
		{97989635-6889-4E3C-A20C-9B6D55C3F700}.Release|Any CPU.Build.0 = Release|Any CPU
		{8CABDCEB-D3E5-4CDD-9960-09134D9BCD42}.Debug|Any CPU.ActiveCfg = Debug|Any CPU
		{8CABDCEB-D3E5-4CDD-9960-09134D9BCD42}.Debug|Any CPU.Build.0 = Debug|Any CPU
		{8CABDCEB-D3E5-4CDD-9960-09134D9BCD42}.Release|Any CPU.ActiveCfg = Release|Any CPU
		{8CABDCEB-D3E5-4CDD-9960-09134D9BCD42}.Release|Any CPU.Build.0 = Release|Any CPU
		{F5B7E280-E68C-4139-ABEC-171BD2656B11}.Debug|Any CPU.ActiveCfg = Debug|Any CPU
		{F5B7E280-E68C-4139-ABEC-171BD2656B11}.Debug|Any CPU.Build.0 = Debug|Any CPU
		{F5B7E280-E68C-4139-ABEC-171BD2656B11}.Release|Any CPU.ActiveCfg = Release|Any CPU
		{F5B7E280-E68C-4139-ABEC-171BD2656B11}.Release|Any CPU.Build.0 = Release|Any CPU
		{A120404F-C191-4E1A-84EC-DC73C96C80C3}.Debug|Any CPU.ActiveCfg = Debug|Any CPU
		{A120404F-C191-4E1A-84EC-DC73C96C80C3}.Debug|Any CPU.Build.0 = Debug|Any CPU
		{A120404F-C191-4E1A-84EC-DC73C96C80C3}.Release|Any CPU.ActiveCfg = Release|Any CPU
		{A120404F-C191-4E1A-84EC-DC73C96C80C3}.Release|Any CPU.Build.0 = Release|Any CPU
		{A1C9FC65-2B8F-4AB4-A59E-1737CF23F9DE}.Debug|Any CPU.ActiveCfg = Debug|Any CPU
		{A1C9FC65-2B8F-4AB4-A59E-1737CF23F9DE}.Debug|Any CPU.Build.0 = Debug|Any CPU
		{A1C9FC65-2B8F-4AB4-A59E-1737CF23F9DE}.Release|Any CPU.ActiveCfg = Release|Any CPU
		{A1C9FC65-2B8F-4AB4-A59E-1737CF23F9DE}.Release|Any CPU.Build.0 = Release|Any CPU
		{AA423581-78D8-4A99-A631-C650AF0C50F0}.Debug|Any CPU.ActiveCfg = Debug|Any CPU
		{AA423581-78D8-4A99-A631-C650AF0C50F0}.Debug|Any CPU.Build.0 = Debug|Any CPU
		{AA423581-78D8-4A99-A631-C650AF0C50F0}.Release|Any CPU.ActiveCfg = Release|Any CPU
		{AA423581-78D8-4A99-A631-C650AF0C50F0}.Release|Any CPU.Build.0 = Release|Any CPU
		{B2DEEF5F-4D0D-438E-A8D8-C7A51FE41A2A}.Debug|Any CPU.ActiveCfg = Debug|Any CPU
		{B2DEEF5F-4D0D-438E-A8D8-C7A51FE41A2A}.Debug|Any CPU.Build.0 = Debug|Any CPU
		{B2DEEF5F-4D0D-438E-A8D8-C7A51FE41A2A}.Release|Any CPU.ActiveCfg = Release|Any CPU
		{B2DEEF5F-4D0D-438E-A8D8-C7A51FE41A2A}.Release|Any CPU.Build.0 = Release|Any CPU
		{D37A3B80-5683-4475-B202-C6364D948C1A}.Debug|Any CPU.ActiveCfg = Debug|Any CPU
		{D37A3B80-5683-4475-B202-C6364D948C1A}.Debug|Any CPU.Build.0 = Debug|Any CPU
		{D37A3B80-5683-4475-B202-C6364D948C1A}.Release|Any CPU.ActiveCfg = Release|Any CPU
		{D37A3B80-5683-4475-B202-C6364D948C1A}.Release|Any CPU.Build.0 = Release|Any CPU
		{00A4E1AB-BE10-468B-8455-DC0052FC403B}.Debug|Any CPU.ActiveCfg = Debug|Any CPU
		{00A4E1AB-BE10-468B-8455-DC0052FC403B}.Debug|Any CPU.Build.0 = Debug|Any CPU
		{00A4E1AB-BE10-468B-8455-DC0052FC403B}.Release|Any CPU.ActiveCfg = Release|Any CPU
		{00A4E1AB-BE10-468B-8455-DC0052FC403B}.Release|Any CPU.Build.0 = Release|Any CPU
		{922CE318-1474-427A-A939-5A142AF7BEB0}.Debug|Any CPU.ActiveCfg = Debug|Any CPU
		{922CE318-1474-427A-A939-5A142AF7BEB0}.Debug|Any CPU.Build.0 = Debug|Any CPU
		{922CE318-1474-427A-A939-5A142AF7BEB0}.Release|Any CPU.ActiveCfg = Release|Any CPU
		{922CE318-1474-427A-A939-5A142AF7BEB0}.Release|Any CPU.Build.0 = Release|Any CPU
		{AF874A03-FAF7-41CA-B089-DDF870416E0F}.Debug|Any CPU.ActiveCfg = Debug|Any CPU
		{AF874A03-FAF7-41CA-B089-DDF870416E0F}.Debug|Any CPU.Build.0 = Debug|Any CPU
		{AF874A03-FAF7-41CA-B089-DDF870416E0F}.Release|Any CPU.ActiveCfg = Release|Any CPU
		{AF874A03-FAF7-41CA-B089-DDF870416E0F}.Release|Any CPU.Build.0 = Release|Any CPU
		{57623D19-AFA5-4712-ADB5-6569FD0EE377}.Debug|Any CPU.ActiveCfg = Debug|Any CPU
		{57623D19-AFA5-4712-ADB5-6569FD0EE377}.Debug|Any CPU.Build.0 = Debug|Any CPU
		{57623D19-AFA5-4712-ADB5-6569FD0EE377}.Release|Any CPU.ActiveCfg = Release|Any CPU
		{57623D19-AFA5-4712-ADB5-6569FD0EE377}.Release|Any CPU.Build.0 = Release|Any CPU
		{BA1F63CD-E1A6-4187-98AD-CF5DDD77454D}.Debug|Any CPU.ActiveCfg = Debug|Any CPU
		{BA1F63CD-E1A6-4187-98AD-CF5DDD77454D}.Debug|Any CPU.Build.0 = Debug|Any CPU
		{BA1F63CD-E1A6-4187-98AD-CF5DDD77454D}.Release|Any CPU.ActiveCfg = Release|Any CPU
		{BA1F63CD-E1A6-4187-98AD-CF5DDD77454D}.Release|Any CPU.Build.0 = Release|Any CPU
		{021F7CFE-C708-4C9C-9A6C-20F823354F79}.Debug|Any CPU.ActiveCfg = Debug|Any CPU
		{021F7CFE-C708-4C9C-9A6C-20F823354F79}.Debug|Any CPU.Build.0 = Debug|Any CPU
		{021F7CFE-C708-4C9C-9A6C-20F823354F79}.Release|Any CPU.ActiveCfg = Release|Any CPU
		{021F7CFE-C708-4C9C-9A6C-20F823354F79}.Release|Any CPU.Build.0 = Release|Any CPU
		{1FC233A7-502E-478C-8AA9-BE7B6D0E97DD}.Debug|Any CPU.ActiveCfg = Debug|Any CPU
		{1FC233A7-502E-478C-8AA9-BE7B6D0E97DD}.Debug|Any CPU.Build.0 = Debug|Any CPU
		{1FC233A7-502E-478C-8AA9-BE7B6D0E97DD}.Release|Any CPU.ActiveCfg = Release|Any CPU
		{1FC233A7-502E-478C-8AA9-BE7B6D0E97DD}.Release|Any CPU.Build.0 = Release|Any CPU
		{30373DE5-1AE2-454A-974B-38EC8DC32CE9}.Debug|Any CPU.ActiveCfg = Debug|Any CPU
		{30373DE5-1AE2-454A-974B-38EC8DC32CE9}.Debug|Any CPU.Build.0 = Debug|Any CPU
		{30373DE5-1AE2-454A-974B-38EC8DC32CE9}.Release|Any CPU.ActiveCfg = Release|Any CPU
		{30373DE5-1AE2-454A-974B-38EC8DC32CE9}.Release|Any CPU.Build.0 = Release|Any CPU
		{EB9399F4-07C1-4E96-AE4B-7C0A229149C6}.Debug|Any CPU.ActiveCfg = Debug|Any CPU
		{EB9399F4-07C1-4E96-AE4B-7C0A229149C6}.Debug|Any CPU.Build.0 = Debug|Any CPU
		{EB9399F4-07C1-4E96-AE4B-7C0A229149C6}.Release|Any CPU.ActiveCfg = Release|Any CPU
		{EB9399F4-07C1-4E96-AE4B-7C0A229149C6}.Release|Any CPU.Build.0 = Release|Any CPU
		{C0C49415-326F-42A2-A8C6-0A714B9F65A0}.Debug|Any CPU.ActiveCfg = Debug|Any CPU
		{C0C49415-326F-42A2-A8C6-0A714B9F65A0}.Debug|Any CPU.Build.0 = Debug|Any CPU
		{C0C49415-326F-42A2-A8C6-0A714B9F65A0}.Release|Any CPU.ActiveCfg = Release|Any CPU
		{C0C49415-326F-42A2-A8C6-0A714B9F65A0}.Release|Any CPU.Build.0 = Release|Any CPU
		{EF244EF7-DDE2-49F3-9513-1A69B47D54A5}.Debug|Any CPU.ActiveCfg = Debug|Any CPU
		{EF244EF7-DDE2-49F3-9513-1A69B47D54A5}.Debug|Any CPU.Build.0 = Debug|Any CPU
		{EF244EF7-DDE2-49F3-9513-1A69B47D54A5}.Release|Any CPU.ActiveCfg = Release|Any CPU
		{EF244EF7-DDE2-49F3-9513-1A69B47D54A5}.Release|Any CPU.Build.0 = Release|Any CPU
		{95DB7254-7A7B-46CD-A1FC-959B6EA27548}.Debug|Any CPU.ActiveCfg = Debug|Any CPU
		{95DB7254-7A7B-46CD-A1FC-959B6EA27548}.Debug|Any CPU.Build.0 = Debug|Any CPU
		{95DB7254-7A7B-46CD-A1FC-959B6EA27548}.Release|Any CPU.ActiveCfg = Release|Any CPU
		{95DB7254-7A7B-46CD-A1FC-959B6EA27548}.Release|Any CPU.Build.0 = Release|Any CPU
	EndGlobalSection
	GlobalSection(SolutionProperties) = preSolution
		HideSolutionNode = FALSE
	EndGlobalSection
	GlobalSection(ExtensibilityGlobals) = postSolution
		SolutionGuid = {BBD6B9A6-2180-42CC-ADD3-7A09010B04AA}
	EndGlobalSection
EndGlobal
