
Microsoft Visual Studio Solution File, Format Version 12.00
# Visual Studio Version 17
VisualStudioVersion = 17.8.34408.163
MinimumVisualStudioVersion = 10.0.40219.1
Project("{9A19103F-16F7-4668-BE54-9A1E7A4F7556}") = "1071.GreatestCommonDivisorOfStrings", "1071.GreatestCommonDivisorOfStrings\1071.GreatestCommonDivisorOfStrings.csproj", "{4BF6F41A-6047-4C48-8A92-ADA9C2AD1A2F}"
EndProject
Project("{9A19103F-16F7-4668-BE54-9A1E7A4F7556}") = "1431. Kids With the Greatest Number of Candies", "1431. Kids With the Greatest Number of Candies\1431. Kids With the Greatest Number of Candies\1431. Kids With the Greatest Number of Candies.csproj", "{5556D474-CD6A-470B-8394-161CC1B7F360}"
EndProject
Project("{9A19103F-16F7-4668-BE54-9A1E7A4F7556}") = "Find-First-Palindromic-String-in-the-Array", "2108. Find First Palindromic String in the Array\Find-First-Palindromic-String-in-the-Array\Find-First-Palindromic-String-in-the-Array\Find-First-Palindromic-String-in-the-Array.csproj", "{98A7BB54-A4B5-4B97-921F-DB942FD8CA39}"
EndProject
Project("{9A19103F-16F7-4668-BE54-9A1E7A4F7556}") = "2149. Rearrange Array Elements by Sign", "2149. Rearrange Array Elements by Sign\2149. Rearrange Array Elements by Sign.csproj", "{3B0B9227-D516-4A56-88E5-3FA5A4965F09}"
EndProject
Project("{9A19103F-16F7-4668-BE54-9A1E7A4F7556}") = "Common", "Common\Common.csproj", "{4AEC3B7A-312F-45A0-8DF5-74CAD1D6C100}"
EndProject
Project("{9A19103F-16F7-4668-BE54-9A1E7A4F7556}") = "605. Can Place Flowers", "605. Can Place Flowers\605. Can Place Flowers.csproj", "{886BFDB4-C76E-443C-9DF0-97328BC16329}"
EndProject
Project("{9A19103F-16F7-4668-BE54-9A1E7A4F7556}") = "345. Reverse Vowels of a String", "345. Reverse Vowels of a String\345. Reverse Vowels of a String.csproj", "{8E625AC8-832B-4874-BDEC-E3E70467B9AC}"
EndProject
Project("{9A19103F-16F7-4668-BE54-9A1E7A4F7556}") = "151. Reverse Words in a String", "151. Reverse Words in a String\151. Reverse Words in a String.csproj", "{34C1AD70-5010-4406-AEDC-9CD08D9A68E8}"
EndProject
Project("{9A19103F-16F7-4668-BE54-9A1E7A4F7556}") = "238. Product of Array Except Self", "238. Product of Array Except Self\238. Product of Array Except Self.csproj", "{4CDC519E-7ECE-4FFD-9A0A-21CD503E5DBE}"
EndProject
Project("{9A19103F-16F7-4668-BE54-9A1E7A4F7556}") = "2971. Find Polygon With the Largest Perimeter", "2971. Find Polygon With the Largest Perimeter\2971. Find Polygon With the Largest Perimeter.csproj", "{F34F170F-DC3C-4703-AD9B-14C381FAFA13}"
EndProject
Project("{9A19103F-16F7-4668-BE54-9A1E7A4F7556}") = "1481. Least Number of Unique Integers after K Removals", "1481. Least Number of Unique Integers after K Removals\1481. Least Number of Unique Integers after K Removals.csproj", "{7855B3B8-68A6-4A33-9C30-9DF668842487}"
EndProject
Project("{9A19103F-16F7-4668-BE54-9A1E7A4F7556}") = "2966. Divide Array Into Arrays With Max Difference", "2966. Divide Array Into Arrays With Max Difference\2966. Divide Array Into Arrays With Max Difference.csproj", "{202BACE0-6807-41D5-B691-D023C278957F}"
EndProject
Project("{FAE04EC0-301F-11D3-BF4B-00C04F79EFBC}") = "1642. Furthest Building You Can Reach", "1642. Furthest Building You Can Reach\1642. Furthest Building You Can Reach.csproj", "{DE47CFB1-1551-4C88-99DC-759C83D05481}"
EndProject
Global
	GlobalSection(SolutionConfigurationPlatforms) = preSolution
		Debug|Any CPU = Debug|Any CPU
		Release|Any CPU = Release|Any CPU
	EndGlobalSection
	GlobalSection(ProjectConfigurationPlatforms) = postSolution
		{4BF6F41A-6047-4C48-8A92-ADA9C2AD1A2F}.Debug|Any CPU.ActiveCfg = Debug|Any CPU
		{4BF6F41A-6047-4C48-8A92-ADA9C2AD1A2F}.Debug|Any CPU.Build.0 = Debug|Any CPU
		{4BF6F41A-6047-4C48-8A92-ADA9C2AD1A2F}.Release|Any CPU.ActiveCfg = Release|Any CPU
		{4BF6F41A-6047-4C48-8A92-ADA9C2AD1A2F}.Release|Any CPU.Build.0 = Release|Any CPU
		{5556D474-CD6A-470B-8394-161CC1B7F360}.Debug|Any CPU.ActiveCfg = Debug|Any CPU
		{5556D474-CD6A-470B-8394-161CC1B7F360}.Debug|Any CPU.Build.0 = Debug|Any CPU
		{5556D474-CD6A-470B-8394-161CC1B7F360}.Release|Any CPU.ActiveCfg = Release|Any CPU
		{5556D474-CD6A-470B-8394-161CC1B7F360}.Release|Any CPU.Build.0 = Release|Any CPU
		{98A7BB54-A4B5-4B97-921F-DB942FD8CA39}.Debug|Any CPU.ActiveCfg = Debug|Any CPU
		{98A7BB54-A4B5-4B97-921F-DB942FD8CA39}.Debug|Any CPU.Build.0 = Debug|Any CPU
		{98A7BB54-A4B5-4B97-921F-DB942FD8CA39}.Release|Any CPU.ActiveCfg = Release|Any CPU
		{98A7BB54-A4B5-4B97-921F-DB942FD8CA39}.Release|Any CPU.Build.0 = Release|Any CPU
		{3B0B9227-D516-4A56-88E5-3FA5A4965F09}.Debug|Any CPU.ActiveCfg = Debug|Any CPU
		{3B0B9227-D516-4A56-88E5-3FA5A4965F09}.Debug|Any CPU.Build.0 = Debug|Any CPU
		{3B0B9227-D516-4A56-88E5-3FA5A4965F09}.Release|Any CPU.ActiveCfg = Release|Any CPU
		{3B0B9227-D516-4A56-88E5-3FA5A4965F09}.Release|Any CPU.Build.0 = Release|Any CPU
		{4AEC3B7A-312F-45A0-8DF5-74CAD1D6C100}.Debug|Any CPU.ActiveCfg = Debug|Any CPU
		{4AEC3B7A-312F-45A0-8DF5-74CAD1D6C100}.Debug|Any CPU.Build.0 = Debug|Any CPU
		{4AEC3B7A-312F-45A0-8DF5-74CAD1D6C100}.Release|Any CPU.ActiveCfg = Release|Any CPU
		{4AEC3B7A-312F-45A0-8DF5-74CAD1D6C100}.Release|Any CPU.Build.0 = Release|Any CPU
		{886BFDB4-C76E-443C-9DF0-97328BC16329}.Debug|Any CPU.ActiveCfg = Debug|Any CPU
		{886BFDB4-C76E-443C-9DF0-97328BC16329}.Debug|Any CPU.Build.0 = Debug|Any CPU
		{886BFDB4-C76E-443C-9DF0-97328BC16329}.Release|Any CPU.ActiveCfg = Release|Any CPU
		{886BFDB4-C76E-443C-9DF0-97328BC16329}.Release|Any CPU.Build.0 = Release|Any CPU
		{8E625AC8-832B-4874-BDEC-E3E70467B9AC}.Debug|Any CPU.ActiveCfg = Debug|Any CPU
		{8E625AC8-832B-4874-BDEC-E3E70467B9AC}.Debug|Any CPU.Build.0 = Debug|Any CPU
		{8E625AC8-832B-4874-BDEC-E3E70467B9AC}.Release|Any CPU.ActiveCfg = Release|Any CPU
		{8E625AC8-832B-4874-BDEC-E3E70467B9AC}.Release|Any CPU.Build.0 = Release|Any CPU
		{34C1AD70-5010-4406-AEDC-9CD08D9A68E8}.Debug|Any CPU.ActiveCfg = Debug|Any CPU
		{34C1AD70-5010-4406-AEDC-9CD08D9A68E8}.Debug|Any CPU.Build.0 = Debug|Any CPU
		{34C1AD70-5010-4406-AEDC-9CD08D9A68E8}.Release|Any CPU.ActiveCfg = Release|Any CPU
		{34C1AD70-5010-4406-AEDC-9CD08D9A68E8}.Release|Any CPU.Build.0 = Release|Any CPU
		{4CDC519E-7ECE-4FFD-9A0A-21CD503E5DBE}.Debug|Any CPU.ActiveCfg = Debug|Any CPU
		{4CDC519E-7ECE-4FFD-9A0A-21CD503E5DBE}.Debug|Any CPU.Build.0 = Debug|Any CPU
		{4CDC519E-7ECE-4FFD-9A0A-21CD503E5DBE}.Release|Any CPU.ActiveCfg = Release|Any CPU
		{4CDC519E-7ECE-4FFD-9A0A-21CD503E5DBE}.Release|Any CPU.Build.0 = Release|Any CPU
		{F34F170F-DC3C-4703-AD9B-14C381FAFA13}.Debug|Any CPU.ActiveCfg = Debug|Any CPU
		{F34F170F-DC3C-4703-AD9B-14C381FAFA13}.Debug|Any CPU.Build.0 = Debug|Any CPU
		{F34F170F-DC3C-4703-AD9B-14C381FAFA13}.Release|Any CPU.ActiveCfg = Release|Any CPU
		{F34F170F-DC3C-4703-AD9B-14C381FAFA13}.Release|Any CPU.Build.0 = Release|Any CPU
		{7855B3B8-68A6-4A33-9C30-9DF668842487}.Debug|Any CPU.ActiveCfg = Debug|Any CPU
		{7855B3B8-68A6-4A33-9C30-9DF668842487}.Debug|Any CPU.Build.0 = Debug|Any CPU
		{7855B3B8-68A6-4A33-9C30-9DF668842487}.Release|Any CPU.ActiveCfg = Release|Any CPU
		{7855B3B8-68A6-4A33-9C30-9DF668842487}.Release|Any CPU.Build.0 = Release|Any CPU
		{202BACE0-6807-41D5-B691-D023C278957F}.Debug|Any CPU.ActiveCfg = Debug|Any CPU
		{202BACE0-6807-41D5-B691-D023C278957F}.Debug|Any CPU.Build.0 = Debug|Any CPU
		{202BACE0-6807-41D5-B691-D023C278957F}.Release|Any CPU.ActiveCfg = Release|Any CPU
		{202BACE0-6807-41D5-B691-D023C278957F}.Release|Any CPU.Build.0 = Release|Any CPU
		{DE47CFB1-1551-4C88-99DC-759C83D05481}.Debug|Any CPU.ActiveCfg = Debug|Any CPU
		{DE47CFB1-1551-4C88-99DC-759C83D05481}.Debug|Any CPU.Build.0 = Debug|Any CPU
		{DE47CFB1-1551-4C88-99DC-759C83D05481}.Release|Any CPU.ActiveCfg = Release|Any CPU
		{DE47CFB1-1551-4C88-99DC-759C83D05481}.Release|Any CPU.Build.0 = Release|Any CPU
	EndGlobalSection
	GlobalSection(SolutionProperties) = preSolution
		HideSolutionNode = FALSE
	EndGlobalSection
	GlobalSection(ExtensibilityGlobals) = postSolution
		SolutionGuid = {BBD6B9A6-2180-42CC-ADD3-7A09010B04AA}
	EndGlobalSection
EndGlobal
